// !$*UTF8*$!
{
	archiveVersion = 1;
	classes = {
	};
	objectVersion = 77;
	objects = {

/* Begin PBXBuildFile section */
		CE4415522F467715000827A4 /* ReviewStars.swift in Sources */ = {isa = PBXBuildFile; fileRef = CE4415512F46770E000827A4 /* ReviewStars.swift */; };
		CE4415542F467999000827A4 /* FavoriteButton.swift in Sources */ = {isa = PBXBuildFile; fileRef = CE4415532F467991000827A4 /* FavoriteButton.swift */; };
		CE4415572F467F0B000827A4 /* Extension + String.swift in Sources */ = {isa = PBXBuildFile; fileRef = CE4415562F467EFD000827A4 /* Extension + String.swift */; };
		CEE616432F4371E800499D4B /* Assets.xcassets in Resources */ = {isa = PBXBuildFile; fileRef = CEE6163F2F4371E800499D4B /* Assets.xcassets */; };
		CEE616442F4371E800499D4B /* ContentView.swift in Sources */ = {isa = PBXBuildFile; fileRef = CEE616402F4371E800499D4B /* ContentView.swift */; };
		CEE616452F4371E800499D4B /* Doctor_ChoiceApp.swift in Sources */ = {isa = PBXBuildFile; fileRef = CEE616412F4371E800499D4B /* Doctor_ChoiceApp.swift */; };
		CEE6164C2F4373A200499D4B /* Color + HEX.swift in Sources */ = {isa = PBXBuildFile; fileRef = CEE6164B2F43739500499D4B /* Color + HEX.swift */; };
		CEE616502F43746E00499D4B /* ColorStyles.swift in Sources */ = {isa = PBXBuildFile; fileRef = CEE6164F2F43746A00499D4B /* ColorStyles.swift */; };
		CEE616542F43777C00499D4B /* TextStyles.swift in Sources */ = {isa = PBXBuildFile; fileRef = CEE616532F43777900499D4B /* TextStyles.swift */; };
		CEE616582F43798800499D4B /* SF-Pro-Display-Semibold.otf in Resources */ = {isa = PBXBuildFile; fileRef = CEE616572F43798800499D4B /* SF-Pro-Display-Semibold.otf */; };
		CEE616592F43798800499D4B /* SF-Pro-Display-Regular.otf in Resources */ = {isa = PBXBuildFile; fileRef = CEE616562F43798800499D4B /* SF-Pro-Display-Regular.otf */; };
		CEE6165A2F43798800499D4B /* SF-Pro-Display-Medium.otf in Resources */ = {isa = PBXBuildFile; fileRef = CEE616552F43798800499D4B /* SF-Pro-Display-Medium.otf */; };
		CEE6165F2F43801200499D4B /* Pediatricians.swift in Sources */ = {isa = PBXBuildFile; fileRef = CEE6165E2F43800D00499D4B /* Pediatricians.swift */; };
		CEE616612F43951500499D4B /* User.swift in Sources */ = {isa = PBXBuildFile; fileRef = CEE616602F43951200499D4B /* User.swift */; };
		CEE616632F43953300499D4B /* Data.swift in Sources */ = {isa = PBXBuildFile; fileRef = CEE616622F43953100499D4B /* Data.swift */; };
		CEE616652F43954400499D4B /* Specialization.swift in Sources */ = {isa = PBXBuildFile; fileRef = CEE616642F43954000499D4B /* Specialization.swift */; };
		CEE616672F43955400499D4B /* Rating.swift in Sources */ = {isa = PBXBuildFile; fileRef = CEE616662F43955100499D4B /* Rating.swift */; };
		CEE616692F43956500499D4B /* EducationType.swift in Sources */ = {isa = PBXBuildFile; fileRef = CEE616682F43956100499D4B /* EducationType.swift */; };
		CEE6166B2F43957500499D4B /* HigherEducation.swift in Sources */ = {isa = PBXBuildFile; fileRef = CEE6166A2F43957300499D4B /* HigherEducation.swift */; };
		CEE6166D2F43959200499D4B /* WorkExperience.swift in Sources */ = {isa = PBXBuildFile; fileRef = CEE6166C2F43959000499D4B /* WorkExperience.swift */; };
		CEE6166F2F4395AC00499D4B /* FreeReceptionTime.swift in Sources */ = {isa = PBXBuildFile; fileRef = CEE6166E2F4395AA00499D4B /* FreeReceptionTime.swift */; };
		CEE616722F4396F800499D4B /* CacheService.swift in Sources */ = {isa = PBXBuildFile; fileRef = CEE616712F4396DC00499D4B /* CacheService.swift */; };
		CEE616762F439D4C00499D4B /* NetworkService.swift in Sources */ = {isa = PBXBuildFile; fileRef = CEE616752F439D4800499D4B /* NetworkService.swift */; };
		CEE616782F43B37F00499D4B /* APIResponse.swift in Sources */ = {isa = PBXBuildFile; fileRef = CEE616772F43B37700499D4B /* APIResponse.swift */; };
		CEE6167A2F43B3C400499D4B /* HTTPMethod.swift in Sources */ = {isa = PBXBuildFile; fileRef = CEE616792F43B3BD00499D4B /* HTTPMethod.swift */; };
		CEE6167C2F43B3FE00499D4B /* NetworkError.swift in Sources */ = {isa = PBXBuildFile; fileRef = CEE6167B2F43B3F900499D4B /* NetworkError.swift */; };
		CEE6167E2F43B53200499D4B /* NetworkServiceProtocol.swift in Sources */ = {isa = PBXBuildFile; fileRef = CEE6167D2F43B52A00499D4B /* NetworkServiceProtocol.swift */; };
		CEE616802F43C53200499D4B /* NetworkConfiguration.swift in Sources */ = {isa = PBXBuildFile; fileRef = CEE6167F2F43C52700499D4B /* NetworkConfiguration.swift */; };
		CEE616852F46548200499D4B /* PediatriciansViewModel.swift in Sources */ = {isa = PBXBuildFile; fileRef = CEE616842F46548100499D4B /* PediatriciansViewModel.swift */; };
		CEE6168B2F466A8800499D4B /* DoctorCard.swift in Sources */ = {isa = PBXBuildFile; fileRef = CEE6168A2F466A8400499D4B /* DoctorCard.swift */; };
/* End PBXBuildFile section */

/* Begin PBXFileReference section */
		CE4415512F46770E000827A4 /* ReviewStars.swift */ = {isa = PBXFileReference; lastKnownFileType = sourcecode.swift; path = ReviewStars.swift; sourceTree = "<group>"; };
		CE4415532F467991000827A4 /* FavoriteButton.swift */ = {isa = PBXFileReference; lastKnownFileType = sourcecode.swift; path = FavoriteButton.swift; sourceTree = "<group>"; };
		CE4415562F467EFD000827A4 /* Extension + String.swift */ = {isa = PBXFileReference; lastKnownFileType = sourcecode.swift; path = "Extension + String.swift"; sourceTree = "<group>"; };
		CEE616312F4371CC00499D4B /* Doctor Choice.app */ = {isa = PBXFileReference; explicitFileType = wrapper.application; includeInIndex = 0; path = "Doctor Choice.app"; sourceTree = BUILT_PRODUCTS_DIR; };
		CEE6163F2F4371E800499D4B /* Assets.xcassets */ = {isa = PBXFileReference; lastKnownFileType = folder.assetcatalog; path = Assets.xcassets; sourceTree = "<group>"; };
		CEE616402F4371E800499D4B /* ContentView.swift */ = {isa = PBXFileReference; lastKnownFileType = sourcecode.swift; path = ContentView.swift; sourceTree = "<group>"; };
		CEE616412F4371E800499D4B /* Doctor_ChoiceApp.swift */ = {isa = PBXFileReference; lastKnownFileType = sourcecode.swift; path = Doctor_ChoiceApp.swift; sourceTree = "<group>"; };
		CEE6164B2F43739500499D4B /* Color + HEX.swift */ = {isa = PBXFileReference; lastKnownFileType = sourcecode.swift; path = "Color + HEX.swift"; sourceTree = "<group>"; };
		CEE6164F2F43746A00499D4B /* ColorStyles.swift */ = {isa = PBXFileReference; lastKnownFileType = sourcecode.swift; path = ColorStyles.swift; sourceTree = "<group>"; };
		CEE616532F43777900499D4B /* TextStyles.swift */ = {isa = PBXFileReference; lastKnownFileType = sourcecode.swift; path = TextStyles.swift; sourceTree = "<group>"; };
		CEE616552F43798800499D4B /* SF-Pro-Display-Medium.otf */ = {isa = PBXFileReference; lastKnownFileType = file; path = "SF-Pro-Display-Medium.otf"; sourceTree = "<group>"; };
		CEE616562F43798800499D4B /* SF-Pro-Display-Regular.otf */ = {isa = PBXFileReference; lastKnownFileType = file; path = "SF-Pro-Display-Regular.otf"; sourceTree = "<group>"; };
		CEE616572F43798800499D4B /* SF-Pro-Display-Semibold.otf */ = {isa = PBXFileReference; lastKnownFileType = file; path = "SF-Pro-Display-Semibold.otf"; sourceTree = "<group>"; };
		CEE6165B2F43799F00499D4B /* Doctor-Choice-Info.plist */ = {isa = PBXFileReference; lastKnownFileType = text.plist.xml; path = "Doctor-Choice-Info.plist"; sourceTree = SOURCE_ROOT; };
		CEE6165E2F43800D00499D4B /* Pediatricians.swift */ = {isa = PBXFileReference; lastKnownFileType = sourcecode.swift; path = Pediatricians.swift; sourceTree = "<group>"; };
		CEE616602F43951200499D4B /* User.swift */ = {isa = PBXFileReference; lastKnownFileType = sourcecode.swift; path = User.swift; sourceTree = "<group>"; };
		CEE616622F43953100499D4B /* Data.swift */ = {isa = PBXFileReference; lastKnownFileType = sourcecode.swift; path = Data.swift; sourceTree = "<group>"; };
		CEE616642F43954000499D4B /* Specialization.swift */ = {isa = PBXFileReference; lastKnownFileType = sourcecode.swift; path = Specialization.swift; sourceTree = "<group>"; };
		CEE616662F43955100499D4B /* Rating.swift */ = {isa = PBXFileReference; lastKnownFileType = sourcecode.swift; path = Rating.swift; sourceTree = "<group>"; };
		CEE616682F43956100499D4B /* EducationType.swift */ = {isa = PBXFileReference; lastKnownFileType = sourcecode.swift; path = EducationType.swift; sourceTree = "<group>"; };
		CEE6166A2F43957300499D4B /* HigherEducation.swift */ = {isa = PBXFileReference; lastKnownFileType = sourcecode.swift; path = HigherEducation.swift; sourceTree = "<group>"; };
		CEE6166C2F43959000499D4B /* WorkExperience.swift */ = {isa = PBXFileReference; lastKnownFileType = sourcecode.swift; path = WorkExperience.swift; sourceTree = "<group>"; };
		CEE6166E2F4395AA00499D4B /* FreeReceptionTime.swift */ = {isa = PBXFileReference; lastKnownFileType = sourcecode.swift; path = FreeReceptionTime.swift; sourceTree = "<group>"; };
		CEE616712F4396DC00499D4B /* CacheService.swift */ = {isa = PBXFileReference; lastKnownFileType = sourcecode.swift; path = CacheService.swift; sourceTree = "<group>"; };
		CEE616752F439D4800499D4B /* NetworkService.swift */ = {isa = PBXFileReference; lastKnownFileType = sourcecode.swift; path = NetworkService.swift; sourceTree = "<group>"; };
		CEE616772F43B37700499D4B /* APIResponse.swift */ = {isa = PBXFileReference; lastKnownFileType = sourcecode.swift; path = APIResponse.swift; sourceTree = "<group>"; };
		CEE616792F43B3BD00499D4B /* HTTPMethod.swift */ = {isa = PBXFileReference; lastKnownFileType = sourcecode.swift; path = HTTPMethod.swift; sourceTree = "<group>"; };
		CEE6167B2F43B3F900499D4B /* NetworkError.swift */ = {isa = PBXFileReference; lastKnownFileType = sourcecode.swift; path = NetworkError.swift; sourceTree = "<group>"; };
		CEE6167D2F43B52A00499D4B /* NetworkServiceProtocol.swift */ = {isa = PBXFileReference; lastKnownFileType = sourcecode.swift; path = NetworkServiceProtocol.swift; sourceTree = "<group>"; };
		CEE6167F2F43C52700499D4B /* NetworkConfiguration.swift */ = {isa = PBXFileReference; lastKnownFileType = sourcecode.swift; path = NetworkConfiguration.swift; sourceTree = "<group>"; };
		CEE616842F46548100499D4B /* PediatriciansViewModel.swift */ = {isa = PBXFileReference; lastKnownFileType = sourcecode.swift; path = PediatriciansViewModel.swift; sourceTree = "<group>"; };
		CEE6168A2F466A8400499D4B /* DoctorCard.swift */ = {isa = PBXFileReference; lastKnownFileType = sourcecode.swift; path = DoctorCard.swift; sourceTree = "<group>"; };
/* End PBXFileReference section */

/* Begin PBXFrameworksBuildPhase section */
		CEE6162E2F4371CC00499D4B /* Frameworks */ = {
			isa = PBXFrameworksBuildPhase;
			buildActionMask = 2147483647;
			files = (
			);
			runOnlyForDeploymentPostprocessing = 0;
		};
/* End PBXFrameworksBuildPhase section */

/* Begin PBXGroup section */
		CE4415502F467703000827A4 /* ReviewStars */ = {
			isa = PBXGroup;
			children = (
				CE4415512F46770E000827A4 /* ReviewStars.swift */,
			);
			path = ReviewStars;
			sourceTree = "<group>";
		};
		CE4415552F46799E000827A4 /* FavoriteButton */ = {
			isa = PBXGroup;
			children = (
				CE4415532F467991000827A4 /* FavoriteButton.swift */,
			);
			path = FavoriteButton;
			sourceTree = "<group>";
		};
		CEE616282F4371CC00499D4B = {
			isa = PBXGroup;
			children = (
				CEE616422F4371E800499D4B /* Doctor Choice */,
				CEE616322F4371CC00499D4B /* Products */,
			);
			sourceTree = "<group>";
		};
		CEE616322F4371CC00499D4B /* Products */ = {
			isa = PBXGroup;
			children = (
				CEE616312F4371CC00499D4B /* Doctor Choice.app */,
			);
			name = Products;
			sourceTree = "<group>";
		};
		CEE616422F4371E800499D4B /* Doctor Choice */ = {
			isa = PBXGroup;
			children = (
				CEE616882F466A6200499D4B /* Components */,
				CEE6165B2F43799F00499D4B /* Doctor-Choice-Info.plist */,
				CEE616472F43736400499D4B /* App */,
				CEE6165D2F43800500499D4B /* Models */,
				CEE616462F43735D00499D4B /* Scenes */,
				CEE616702F43961400499D4B /* Infrastructure */,
				CEE616482F43736C00499D4B /* Resources */,
				CEE6164A2F43738B00499D4B /* Helpers */,
			);
			path = "Doctor Choice";
			sourceTree = "<group>";
		};
		CEE616462F43735D00499D4B /* Scenes */ = {
			isa = PBXGroup;
			children = (
				CEE616872F466A4B00499D4B /* PediatricScene */,
			);
			path = Scenes;
			sourceTree = "<group>";
		};
		CEE616472F43736400499D4B /* App */ = {
			isa = PBXGroup;
			children = (
				CEE616412F4371E800499D4B /* Doctor_ChoiceApp.swift */,
			);
			path = App;
			sourceTree = "<group>";
		};
		CEE616482F43736C00499D4B /* Resources */ = {
			isa = PBXGroup;
			children = (
				CEE6164E2F43746500499D4B /* Styles */,
				CEE6163F2F4371E800499D4B /* Assets.xcassets */,
				CEE616552F43798800499D4B /* SF-Pro-Display-Medium.otf */,
				CEE616562F43798800499D4B /* SF-Pro-Display-Regular.otf */,
				CEE616572F43798800499D4B /* SF-Pro-Display-Semibold.otf */,
			);
			path = Resources;
			sourceTree = "<group>";
		};
		CEE6164A2F43738B00499D4B /* Helpers */ = {
			isa = PBXGroup;
			children = (
				CEE6164D2F43745300499D4B /* Extensions */,
			);
			path = Helpers;
			sourceTree = "<group>";
		};
		CEE6164D2F43745300499D4B /* Extensions */ = {
			isa = PBXGroup;
			children = (
				CE4415562F467EFD000827A4 /* Extension + String.swift */,
				CEE6164B2F43739500499D4B /* Color + HEX.swift */,
			);
			path = Extensions;
			sourceTree = "<group>";
		};
		CEE6164E2F43746500499D4B /* Styles */ = {
			isa = PBXGroup;
			children = (
				CEE616522F43776E00499D4B /* TextStyles */,
				CEE616512F43776600499D4B /* Colors */,
			);
			path = Styles;
			sourceTree = "<group>";
		};
		CEE616512F43776600499D4B /* Colors */ = {
			isa = PBXGroup;
			children = (
				CEE6164F2F43746A00499D4B /* ColorStyles.swift */,
			);
			path = Colors;
			sourceTree = "<group>";
		};
		CEE616522F43776E00499D4B /* TextStyles */ = {
			isa = PBXGroup;
			children = (
				CEE616532F43777900499D4B /* TextStyles.swift */,
			);
			path = TextStyles;
			sourceTree = "<group>";
		};
		CEE6165C2F437FFB00499D4B /* Views */ = {
			isa = PBXGroup;
			children = (
				CEE616862F466A1D00499D4B /* PediatricView */,
			);
			path = Views;
			sourceTree = "<group>";
		};
		CEE6165D2F43800500499D4B /* Models */ = {
			isa = PBXGroup;
			children = (
				CEE6165E2F43800D00499D4B /* Pediatricians.swift */,
				CEE616622F43953100499D4B /* Data.swift */,
				CEE616602F43951200499D4B /* User.swift */,
				CEE6166E2F4395AA00499D4B /* FreeReceptionTime.swift */,
				CEE6166C2F43959000499D4B /* WorkExperience.swift */,
				CEE6166A2F43957300499D4B /* HigherEducation.swift */,
				CEE616682F43956100499D4B /* EducationType.swift */,
				CEE616662F43955100499D4B /* Rating.swift */,
				CEE616642F43954000499D4B /* Specialization.swift */,
			);
			path = Models;
			sourceTree = "<group>";
		};
		CEE616702F43961400499D4B /* Infrastructure */ = {
			isa = PBXGroup;
			children = (
				CEE616742F439D4100499D4B /* NetworkService */,
				CEE616732F439D3700499D4B /* CacheService */,
			);
			path = Infrastructure;
			sourceTree = "<group>";
		};
		CEE616732F439D3700499D4B /* CacheService */ = {
			isa = PBXGroup;
			children = (
				CEE616712F4396DC00499D4B /* CacheService.swift */,
			);
			path = CacheService;
			sourceTree = "<group>";
		};
		CEE616742F439D4100499D4B /* NetworkService */ = {
			isa = PBXGroup;
			children = (
				CEE616772F43B37700499D4B /* APIResponse.swift */,
				CEE616792F43B3BD00499D4B /* HTTPMethod.swift */,
				CEE6167B2F43B3F900499D4B /* NetworkError.swift */,
				CEE6167D2F43B52A00499D4B /* NetworkServiceProtocol.swift */,
				CEE6167F2F43C52700499D4B /* NetworkConfiguration.swift */,
				CEE616752F439D4800499D4B /* NetworkService.swift */,
			);
			path = NetworkService;
			sourceTree = "<group>";
		};
		CEE616832F464F0600499D4B /* ViewModel */ = {
			isa = PBXGroup;
			children = (
				CEE616842F46548100499D4B /* PediatriciansViewModel.swift */,
			);
			path = ViewModel;
			sourceTree = "<group>";
		};
		CEE616862F466A1D00499D4B /* PediatricView */ = {
			isa = PBXGroup;
			children = (
				CEE616402F4371E800499D4B /* ContentView.swift */,
			);
			path = PediatricView;
			sourceTree = "<group>";
		};
		CEE616872F466A4B00499D4B /* PediatricScene */ = {
			isa = PBXGroup;
			children = (
				CEE616832F464F0600499D4B /* ViewModel */,
				CEE6165C2F437FFB00499D4B /* Views */,
			);
			path = PediatricScene;
			sourceTree = "<group>";
		};
		CEE616882F466A6200499D4B /* Components */ = {
			isa = PBXGroup;
			children = (
				CE4415552F46799E000827A4 /* FavoriteButton */,
				CE4415502F467703000827A4 /* ReviewStars */,
				CEE616892F466A7000499D4B /* DoctorCard */,
			);
			path = Components;
			sourceTree = "<group>";
		};
		CEE616892F466A7000499D4B /* DoctorCard */ = {
			isa = PBXGroup;
			children = (
				CEE6168A2F466A8400499D4B /* DoctorCard.swift */,
			);
			path = DoctorCard;
			sourceTree = "<group>";
		};
/* End PBXGroup section */

/* Begin PBXNativeTarget section */
		CEE616302F4371CC00499D4B /* Doctor Choice */ = {
			isa = PBXNativeTarget;
			buildConfigurationList = CEE6163C2F4371D100499D4B /* Build configuration list for PBXNativeTarget "Doctor Choice" */;
			buildPhases = (
				CEE6162D2F4371CC00499D4B /* Sources */,
				CEE6162E2F4371CC00499D4B /* Frameworks */,
				CEE6162F2F4371CC00499D4B /* Resources */,
			);
			buildRules = (
			);
			dependencies = (
			);
			name = "Doctor Choice";
			packageProductDependencies = (
			);
			productName = "Doctor Choice";
			productReference = CEE616312F4371CC00499D4B /* Doctor Choice.app */;
			productType = "com.apple.product-type.application";
		};
/* End PBXNativeTarget section */

/* Begin PBXProject section */
		CEE616292F4371CC00499D4B /* Project object */ = {
			isa = PBXProject;
			attributes = {
				BuildIndependentTargetsInParallel = 1;
				LastSwiftUpdateCheck = 2600;
				LastUpgradeCheck = 2600;
				TargetAttributes = {
					CEE616302F4371CC00499D4B = {
						CreatedOnToolsVersion = 26.0.1;
					};
				};
			};
			buildConfigurationList = CEE6162C2F4371CC00499D4B /* Build configuration list for PBXProject "Doctor Choice" */;
			developmentRegion = en;
			hasScannedForEncodings = 0;
			knownRegions = (
				en,
				Base,
			);
			mainGroup = CEE616282F4371CC00499D4B;
			minimizedProjectReferenceProxies = 1;
			preferredProjectObjectVersion = 77;
			productRefGroup = CEE616322F4371CC00499D4B /* Products */;
			projectDirPath = "";
			projectRoot = "";
			targets = (
				CEE616302F4371CC00499D4B /* Doctor Choice */,
			);
		};
/* End PBXProject section */

/* Begin PBXResourcesBuildPhase section */
		CEE6162F2F4371CC00499D4B /* Resources */ = {
			isa = PBXResourcesBuildPhase;
			buildActionMask = 2147483647;
			files = (
				CEE616582F43798800499D4B /* SF-Pro-Display-Semibold.otf in Resources */,
				CEE616592F43798800499D4B /* SF-Pro-Display-Regular.otf in Resources */,
				CEE6165A2F43798800499D4B /* SF-Pro-Display-Medium.otf in Resources */,
				CEE616432F4371E800499D4B /* Assets.xcassets in Resources */,
			);
			runOnlyForDeploymentPostprocessing = 0;
		};
/* End PBXResourcesBuildPhase section */

/* Begin PBXSourcesBuildPhase section */
		CEE6162D2F4371CC00499D4B /* Sources */ = {
			isa = PBXSourcesBuildPhase;
			buildActionMask = 2147483647;
			files = (
				CEE6164C2F4373A200499D4B /* Color + HEX.swift in Sources */,
				CEE616442F4371E800499D4B /* ContentView.swift in Sources */,
				CEE616782F43B37F00499D4B /* APIResponse.swift in Sources */,
				CEE616672F43955400499D4B /* Rating.swift in Sources */,
				CEE6167E2F43B53200499D4B /* NetworkServiceProtocol.swift in Sources */,
				CEE6166B2F43957500499D4B /* HigherEducation.swift in Sources */,
				CEE616722F4396F800499D4B /* CacheService.swift in Sources */,
				CEE616652F43954400499D4B /* Specialization.swift in Sources */,
				CEE616542F43777C00499D4B /* TextStyles.swift in Sources */,
				CEE616692F43956500499D4B /* EducationType.swift in Sources */,
				CEE616452F4371E800499D4B /* Doctor_ChoiceApp.swift in Sources */,
				CEE616802F43C53200499D4B /* NetworkConfiguration.swift in Sources */,
				CEE616852F46548200499D4B /* PediatriciansViewModel.swift in Sources */,
				CEE6166F2F4395AC00499D4B /* FreeReceptionTime.swift in Sources */,
				CE4415522F467715000827A4 /* ReviewStars.swift in Sources */,
				CEE616762F439D4C00499D4B /* NetworkService.swift in Sources */,
				CEE6168B2F466A8800499D4B /* DoctorCard.swift in Sources */,
				CEE616502F43746E00499D4B /* ColorStyles.swift in Sources */,
				CE4415572F467F0B000827A4 /* Extension + String.swift in Sources */,
				CEE6165F2F43801200499D4B /* Pediatricians.swift in Sources */,
				CEE6167A2F43B3C400499D4B /* HTTPMethod.swift in Sources */,
				CEE616612F43951500499D4B /* User.swift in Sources */,
				CEE6166D2F43959200499D4B /* WorkExperience.swift in Sources */,
				CEE616632F43953300499D4B /* Data.swift in Sources */,
				CEE6167C2F43B3FE00499D4B /* NetworkError.swift in Sources */,
				CE4415542F467999000827A4 /* FavoriteButton.swift in Sources */,
			);
			runOnlyForDeploymentPostprocessing = 0;
		};
/* End PBXSourcesBuildPhase section */

/* Begin XCBuildConfiguration section */
		CEE6163A2F4371D100499D4B /* Debug */ = {
			isa = XCBuildConfiguration;
			buildSettings = {
				ALWAYS_SEARCH_USER_PATHS = NO;
				ASSETCATALOG_COMPILER_GENERATE_SWIFT_ASSET_SYMBOL_EXTENSIONS = YES;
				CLANG_ANALYZER_NONNULL = YES;
				CLANG_ANALYZER_NUMBER_OBJECT_CONVERSION = YES_AGGRESSIVE;
				CLANG_CXX_LANGUAGE_STANDARD = "gnu++20";
				CLANG_ENABLE_MODULES = YES;
				CLANG_ENABLE_OBJC_ARC = YES;
				CLANG_ENABLE_OBJC_WEAK = YES;
				CLANG_WARN_BLOCK_CAPTURE_AUTORELEASING = YES;
				CLANG_WARN_BOOL_CONVERSION = YES;
				CLANG_WARN_COMMA = YES;
				CLANG_WARN_CONSTANT_CONVERSION = YES;
				CLANG_WARN_DEPRECATED_OBJC_IMPLEMENTATIONS = YES;
				CLANG_WARN_DIRECT_OBJC_ISA_USAGE = YES_ERROR;
				CLANG_WARN_DOCUMENTATION_COMMENTS = YES;
				CLANG_WARN_EMPTY_BODY = YES;
				CLANG_WARN_ENUM_CONVERSION = YES;
				CLANG_WARN_INFINITE_RECURSION = YES;
				CLANG_WARN_INT_CONVERSION = YES;
				CLANG_WARN_NON_LITERAL_NULL_CONVERSION = YES;
				CLANG_WARN_OBJC_IMPLICIT_RETAIN_SELF = YES;
				CLANG_WARN_OBJC_LITERAL_CONVERSION = YES;
				CLANG_WARN_OBJC_ROOT_CLASS = YES_ERROR;
				CLANG_WARN_QUOTED_INCLUDE_IN_FRAMEWORK_HEADER = YES;
				CLANG_WARN_RANGE_LOOP_ANALYSIS = YES;
				CLANG_WARN_STRICT_PROTOTYPES = YES;
				CLANG_WARN_SUSPICIOUS_MOVE = YES;
				CLANG_WARN_UNGUARDED_AVAILABILITY = YES_AGGRESSIVE;
				CLANG_WARN_UNREACHABLE_CODE = YES;
				CLANG_WARN__DUPLICATE_METHOD_MATCH = YES;
				COPY_PHASE_STRIP = NO;
				DEBUG_INFORMATION_FORMAT = dwarf;
				DEVELOPMENT_TEAM = 24Q9WM75S6;
				ENABLE_STRICT_OBJC_MSGSEND = YES;
				ENABLE_TESTABILITY = YES;
				ENABLE_USER_SCRIPT_SANDBOXING = YES;
				GCC_C_LANGUAGE_STANDARD = gnu17;
				GCC_DYNAMIC_NO_PIC = NO;
				GCC_NO_COMMON_BLOCKS = YES;
				GCC_OPTIMIZATION_LEVEL = 0;
				GCC_PREPROCESSOR_DEFINITIONS = (
					"DEBUG=1",
					"$(inherited)",
				);
				GCC_WARN_64_TO_32_BIT_CONVERSION = YES;
				GCC_WARN_ABOUT_RETURN_TYPE = YES_ERROR;
				GCC_WARN_UNDECLARED_SELECTOR = YES;
				GCC_WARN_UNINITIALIZED_AUTOS = YES_AGGRESSIVE;
				GCC_WARN_UNUSED_FUNCTION = YES;
				GCC_WARN_UNUSED_VARIABLE = YES;
				IPHONEOS_DEPLOYMENT_TARGET = 26.0;
				LOCALIZATION_PREFERS_STRING_CATALOGS = YES;
				MTL_ENABLE_DEBUG_INFO = INCLUDE_SOURCE;
				MTL_FAST_MATH = YES;
				ONLY_ACTIVE_ARCH = YES;
				SDKROOT = iphoneos;
				SWIFT_ACTIVE_COMPILATION_CONDITIONS = "DEBUG $(inherited)";
				SWIFT_OPTIMIZATION_LEVEL = "-Onone";
			};
			name = Debug;
		};
		CEE6163B2F4371D100499D4B /* Release */ = {
			isa = XCBuildConfiguration;
			buildSettings = {
				ALWAYS_SEARCH_USER_PATHS = NO;
				ASSETCATALOG_COMPILER_GENERATE_SWIFT_ASSET_SYMBOL_EXTENSIONS = YES;
				CLANG_ANALYZER_NONNULL = YES;
				CLANG_ANALYZER_NUMBER_OBJECT_CONVERSION = YES_AGGRESSIVE;
				CLANG_CXX_LANGUAGE_STANDARD = "gnu++20";
				CLANG_ENABLE_MODULES = YES;
				CLANG_ENABLE_OBJC_ARC = YES;
				CLANG_ENABLE_OBJC_WEAK = YES;
				CLANG_WARN_BLOCK_CAPTURE_AUTORELEASING = YES;
				CLANG_WARN_BOOL_CONVERSION = YES;
				CLANG_WARN_COMMA = YES;
				CLANG_WARN_CONSTANT_CONVERSION = YES;
				CLANG_WARN_DEPRECATED_OBJC_IMPLEMENTATIONS = YES;
				CLANG_WARN_DIRECT_OBJC_ISA_USAGE = YES_ERROR;
				CLANG_WARN_DOCUMENTATION_COMMENTS = YES;
				CLANG_WARN_EMPTY_BODY = YES;
				CLANG_WARN_ENUM_CONVERSION = YES;
				CLANG_WARN_INFINITE_RECURSION = YES;
				CLANG_WARN_INT_CONVERSION = YES;
				CLANG_WARN_NON_LITERAL_NULL_CONVERSION = YES;
				CLANG_WARN_OBJC_IMPLICIT_RETAIN_SELF = YES;
				CLANG_WARN_OBJC_LITERAL_CONVERSION = YES;
				CLANG_WARN_OBJC_ROOT_CLASS = YES_ERROR;
				CLANG_WARN_QUOTED_INCLUDE_IN_FRAMEWORK_HEADER = YES;
				CLANG_WARN_RANGE_LOOP_ANALYSIS = YES;
				CLANG_WARN_STRICT_PROTOTYPES = YES;
				CLANG_WARN_SUSPICIOUS_MOVE = YES;
				CLANG_WARN_UNGUARDED_AVAILABILITY = YES_AGGRESSIVE;
				CLANG_WARN_UNREACHABLE_CODE = YES;
				CLANG_WARN__DUPLICATE_METHOD_MATCH = YES;
				COPY_PHASE_STRIP = NO;
				DEBUG_INFORMATION_FORMAT = "dwarf-with-dsym";
				DEVELOPMENT_TEAM = 24Q9WM75S6;
				ENABLE_NS_ASSERTIONS = NO;
				ENABLE_STRICT_OBJC_MSGSEND = YES;
				ENABLE_USER_SCRIPT_SANDBOXING = YES;
				GCC_C_LANGUAGE_STANDARD = gnu17;
				GCC_NO_COMMON_BLOCKS = YES;
				GCC_WARN_64_TO_32_BIT_CONVERSION = YES;
				GCC_WARN_ABOUT_RETURN_TYPE = YES_ERROR;
				GCC_WARN_UNDECLARED_SELECTOR = YES;
				GCC_WARN_UNINITIALIZED_AUTOS = YES_AGGRESSIVE;
				GCC_WARN_UNUSED_FUNCTION = YES;
				GCC_WARN_UNUSED_VARIABLE = YES;
				IPHONEOS_DEPLOYMENT_TARGET = 26.0;
				LOCALIZATION_PREFERS_STRING_CATALOGS = YES;
				MTL_ENABLE_DEBUG_INFO = NO;
				MTL_FAST_MATH = YES;
				SDKROOT = iphoneos;
				SWIFT_COMPILATION_MODE = wholemodule;
				VALIDATE_PRODUCT = YES;
			};
			name = Release;
		};
		CEE6163D2F4371D100499D4B /* Debug */ = {
			isa = XCBuildConfiguration;
			buildSettings = {
				ASSETCATALOG_COMPILER_APPICON_NAME = AppIcon;
				ASSETCATALOG_COMPILER_GLOBAL_ACCENT_COLOR_NAME = AccentColor;
				CODE_SIGN_STYLE = Automatic;
				CURRENT_PROJECT_VERSION = 1;
				DEVELOPMENT_TEAM = 24Q9WM75S6;
				ENABLE_PREVIEWS = YES;
				GENERATE_INFOPLIST_FILE = YES;
				INFOPLIST_FILE = "Doctor-Choice-Info.plist";
				INFOPLIST_KEY_UIApplicationSceneManifest_Generation = YES;
				INFOPLIST_KEY_UIApplicationSupportsIndirectInputEvents = YES;
				INFOPLIST_KEY_UILaunchScreen_Generation = YES;
				INFOPLIST_KEY_UISupportedInterfaceOrientations_iPad = "UIInterfaceOrientationPortrait UIInterfaceOrientationPortraitUpsideDown UIInterfaceOrientationLandscapeLeft UIInterfaceOrientationLandscapeRight";
				INFOPLIST_KEY_UISupportedInterfaceOrientations_iPhone = "UIInterfaceOrientationPortrait UIInterfaceOrientationLandscapeLeft UIInterfaceOrientationLandscapeRight";
				LD_RUNPATH_SEARCH_PATHS = (
					"$(inherited)",
					"@executable_path/Frameworks",
				);
				MARKETING_VERSION = 1.0;
				PRODUCT_BUNDLE_IDENTIFIER = "AlexHalushko.Doctor-Choice";
				PRODUCT_NAME = "$(TARGET_NAME)";
				STRING_CATALOG_GENERATE_SYMBOLS = YES;
				SUPPORTED_PLATFORMS = "iphoneos iphonesimulator";
				SUPPORTS_MACCATALYST = NO;
				SUPPORTS_MAC_DESIGNED_FOR_IPHONE_IPAD = NO;
				SUPPORTS_XR_DESIGNED_FOR_IPHONE_IPAD = NO;
				SWIFT_APPROACHABLE_CONCURRENCY = YES;
				SWIFT_DEFAULT_ACTOR_ISOLATION = MainActor;
				SWIFT_EMIT_LOC_STRINGS = YES;
				SWIFT_UPCOMING_FEATURE_MEMBER_IMPORT_VISIBILITY = YES;
				SWIFT_VERSION = 5.0;
				TARGETED_DEVICE_FAMILY = 1;
			};
			name = Debug;
		};
		CEE6163E2F4371D100499D4B /* Release */ = {
			isa = XCBuildConfiguration;
			buildSettings = {
				ASSETCATALOG_COMPILER_APPICON_NAME = AppIcon;
				ASSETCATALOG_COMPILER_GLOBAL_ACCENT_COLOR_NAME = AccentColor;
				CODE_SIGN_STYLE = Automatic;
				CURRENT_PROJECT_VERSION = 1;
				DEVELOPMENT_TEAM = 24Q9WM75S6;
				ENABLE_PREVIEWS = YES;
				GENERATE_INFOPLIST_FILE = YES;
				INFOPLIST_FILE = "Doctor-Choice-Info.plist";
				INFOPLIST_KEY_UIApplicationSceneManifest_Generation = YES;
				INFOPLIST_KEY_UIApplicationSupportsIndirectInputEvents = YES;
				INFOPLIST_KEY_UILaunchScreen_Generation = YES;
				INFOPLIST_KEY_UISupportedInterfaceOrientations_iPad = "UIInterfaceOrientationPortrait UIInterfaceOrientationPortraitUpsideDown UIInterfaceOrientationLandscapeLeft UIInterfaceOrientationLandscapeRight";
				INFOPLIST_KEY_UISupportedInterfaceOrientations_iPhone = "UIInterfaceOrientationPortrait UIInterfaceOrientationLandscapeLeft UIInterfaceOrientationLandscapeRight";
				LD_RUNPATH_SEARCH_PATHS = (
					"$(inherited)",
					"@executable_path/Frameworks",
				);
				MARKETING_VERSION = 1.0;
				PRODUCT_BUNDLE_IDENTIFIER = "AlexHalushko.Doctor-Choice";
				PRODUCT_NAME = "$(TARGET_NAME)";
				STRING_CATALOG_GENERATE_SYMBOLS = YES;
				SUPPORTED_PLATFORMS = "iphoneos iphonesimulator";
				SUPPORTS_MACCATALYST = NO;
				SUPPORTS_MAC_DESIGNED_FOR_IPHONE_IPAD = NO;
				SUPPORTS_XR_DESIGNED_FOR_IPHONE_IPAD = NO;
				SWIFT_APPROACHABLE_CONCURRENCY = YES;
				SWIFT_DEFAULT_ACTOR_ISOLATION = MainActor;
				SWIFT_EMIT_LOC_STRINGS = YES;
				SWIFT_UPCOMING_FEATURE_MEMBER_IMPORT_VISIBILITY = YES;
				SWIFT_VERSION = 5.0;
				TARGETED_DEVICE_FAMILY = 1;
			};
			name = Release;
		};
/* End XCBuildConfiguration section */

/* Begin XCConfigurationList section */
		CEE6162C2F4371CC00499D4B /* Build configuration list for PBXProject "Doctor Choice" */ = {
			isa = XCConfigurationList;
			buildConfigurations = (
				CEE6163A2F4371D100499D4B /* Debug */,
				CEE6163B2F4371D100499D4B /* Release */,
			);
			defaultConfigurationIsVisible = 0;
			defaultConfigurationName = Release;
		};
		CEE6163C2F4371D100499D4B /* Build configuration list for PBXNativeTarget "Doctor Choice" */ = {
			isa = XCConfigurationList;
			buildConfigurations = (
				CEE6163D2F4371D100499D4B /* Debug */,
				CEE6163E2F4371D100499D4B /* Release */,
			);
			defaultConfigurationIsVisible = 0;
			defaultConfigurationName = Release;
		};
/* End XCConfigurationList section */
	};
	rootObject = CEE616292F4371CC00499D4B /* Project object */;
}
